
Microsoft Visual Studio Solution File, Format Version 12.00
# Visual Studio Version 17
VisualStudioVersion = 17.2.32526.322
MinimumVisualStudioVersion = 10.0.40219.1
Project("{9A19103F-16F7-4668-BE54-9A1E7A4F7556}") = "Forum", "WebApplication16\Forum.csproj", "{04A0163A-C89A-4F38-8AFE-31226748A778}"
EndProject
Global
	GlobalSection(SolutionConfigurationPlatforms) = preSolution
		Debug|Any CPU = Debug|Any CPU
		Release|Any CPU = Release|Any CPU
	EndGlobalSection
	GlobalSection(ProjectConfigurationPlatforms) = postSolution
		{04A0163A-C89A-4F38-8AFE-31226748A778}.Debug|Any CPU.ActiveCfg = Debug|Any CPU
		{04A0163A-C89A-4F38-8AFE-31226748A778}.Debug|Any CPU.Build.0 = Debug|Any CPU
		{04A0163A-C89A-4F38-8AFE-31226748A778}.Release|Any CPU.ActiveCfg = Release|Any CPU
		{04A0163A-C89A-4F38-8AFE-31226748A778}.Release|Any CPU.Build.0 = Release|Any CPU
	EndGlobalSection
	GlobalSection(SolutionProperties) = preSolution
		HideSolutionNode = FALSE
	EndGlobalSection
	GlobalSection(ExtensibilityGlobals) = postSolution
		SolutionGuid = {F03A0886-6F81-476D-A198-BB3434594E3C}
	EndGlobalSection
EndGlobal
